
Microsoft Visual Studio Solution File, Format Version 12.00
# Visual Studio Version 16
VisualStudioVersion = 16.0.30002.166
MinimumVisualStudioVersion = 10.0.40219.1
Project("{9A19103F-16F7-4668-BE54-9A1E7A4F7556}") = "quickstart-aspnetcore31-cb65", "quickstart-aspnetcore31-cb65\quickstart-aspnetcore31-cb65.csproj", "{C470E856-23B0-42C2-A6E1-20FBFB43300C}"
EndProject
Global
	GlobalSection(SolutionConfigurationPlatforms) = preSolution
		Debug|Any CPU = Debug|Any CPU
		Release|Any CPU = Release|Any CPU
	EndGlobalSection
	GlobalSection(ProjectConfigurationPlatforms) = postSolution
		{C470E856-23B0-42C2-A6E1-20FBFB43300C}.Debug|Any CPU.ActiveCfg = Debug|Any CPU
		{C470E856-23B0-42C2-A6E1-20FBFB43300C}.Debug|Any CPU.Build.0 = Debug|Any CPU
		{C470E856-23B0-42C2-A6E1-20FBFB43300C}.Release|Any CPU.ActiveCfg = Release|Any CPU
		{C470E856-23B0-42C2-A6E1-20FBFB43300C}.Release|Any CPU.Build.0 = Release|Any CPU
	EndGlobalSection
	GlobalSection(SolutionProperties) = preSolution
		HideSolutionNode = FALSE
	EndGlobalSection
	GlobalSection(ExtensibilityGlobals) = postSolution
		SolutionGuid = {3FFBFA9B-28B1-4E68-931F-FADFE743ED2A}
	EndGlobalSection
EndGlobal
